// !$*UTF8*$!
{
	archiveVersion = 1;
	classes = {
	};
	objectVersion = 56;
	objects = {

/* Begin PBXBuildFile section */
		6C9F0CFE2BD5AC9D00C9E1FA /* JPouchApp.swift in Sources */ = {isa = PBXBuildFile; fileRef = 6C9F0CFD2BD5AC9D00C9E1FA /* JPouchApp.swift */; };
		6C9F0D002BD5AC9D00C9E1FA /* ContentView.swift in Sources */ = {isa = PBXBuildFile; fileRef = 6C9F0CFF2BD5AC9D00C9E1FA /* ContentView.swift */; };
		6C9F0D022BD5AC9E00C9E1FA /* Assets.xcassets in Resources */ = {isa = PBXBuildFile; fileRef = 6C9F0D012BD5AC9E00C9E1FA /* Assets.xcassets */; };
		6C9F0D052BD5AC9E00C9E1FA /* Preview Assets.xcassets in Resources */ = {isa = PBXBuildFile; fileRef = 6C9F0D042BD5AC9E00C9E1FA /* Preview Assets.xcassets */; };
		6C9F0D072BD5AC9E00C9E1FA /* Persistence.swift in Sources */ = {isa = PBXBuildFile; fileRef = 6C9F0D062BD5AC9E00C9E1FA /* Persistence.swift */; };
		6C9F0D0A2BD5AC9E00C9E1FA /* JPouch.xcdatamodeld in Sources */ = {isa = PBXBuildFile; fileRef = 6C9F0D082BD5AC9E00C9E1FA /* JPouch.xcdatamodeld */; };
/* End PBXBuildFile section */

/* Begin PBXFileReference section */
		6C9F0CFA2BD5AC9D00C9E1FA /* JPouch.app */ = {isa = PBXFileReference; explicitFileType = wrapper.application; includeInIndex = 0; path = JPouch.app; sourceTree = BUILT_PRODUCTS_DIR; };
		6C9F0CFD2BD5AC9D00C9E1FA /* JPouchApp.swift */ = {isa = PBXFileReference; lastKnownFileType = sourcecode.swift; path = JPouchApp.swift; sourceTree = "<group>"; };
		6C9F0CFF2BD5AC9D00C9E1FA /* ContentView.swift */ = {isa = PBXFileReference; lastKnownFileType = sourcecode.swift; path = ContentView.swift; sourceTree = "<group>"; };
		6C9F0D012BD5AC9E00C9E1FA /* Assets.xcassets */ = {isa = PBXFileReference; lastKnownFileType = folder.assetcatalog; path = Assets.xcassets; sourceTree = "<group>"; };
		6C9F0D042BD5AC9E00C9E1FA /* Preview Assets.xcassets */ = {isa = PBXFileReference; lastKnownFileType = folder.assetcatalog; path = "Preview Assets.xcassets"; sourceTree = "<group>"; };
		6C9F0D062BD5AC9E00C9E1FA /* Persistence.swift */ = {isa = PBXFileReference; lastKnownFileType = sourcecode.swift; path = Persistence.swift; sourceTree = "<group>"; };
		6C9F0D092BD5AC9E00C9E1FA /* JPouch.xcdatamodel */ = {isa = PBXFileReference; lastKnownFileType = wrapper.xcdatamodel; path = JPouch.xcdatamodel; sourceTree = "<group>"; };
/* End PBXFileReference section */

/* Begin PBXFrameworksBuildPhase section */
		6C9F0CF72BD5AC9D00C9E1FA /* Frameworks */ = {
			isa = PBXFrameworksBuildPhase;
			buildActionMask = 2147483647;
			files = (
			);
			runOnlyForDeploymentPostprocessing = 0;
		};
/* End PBXFrameworksBuildPhase section */

/* Begin PBXGroup section */
		6C9F0CF12BD5AC9D00C9E1FA = {
			isa = PBXGroup;
			children = (
				6C9F0CFC2BD5AC9D00C9E1FA /* JPouch */,
				6C9F0CFB2BD5AC9D00C9E1FA /* Products */,
			);
			sourceTree = "<group>";
		};
		6C9F0CFB2BD5AC9D00C9E1FA /* Products */ = {
			isa = PBXGroup;
			children = (
				6C9F0CFA2BD5AC9D00C9E1FA /* JPouch.app */,
			);
			name = Products;
			sourceTree = "<group>";
		};
		6C9F0CFC2BD5AC9D00C9E1FA /* JPouch */ = {
			isa = PBXGroup;
			children = (
				6C9F0CFD2BD5AC9D00C9E1FA /* JPouchApp.swift */,
				6C9F0CFF2BD5AC9D00C9E1FA /* ContentView.swift */,
				6C9F0D012BD5AC9E00C9E1FA /* Assets.xcassets */,
				6C9F0D062BD5AC9E00C9E1FA /* Persistence.swift */,
				6C9F0D082BD5AC9E00C9E1FA /* JPouch.xcdatamodeld */,
				6C9F0D032BD5AC9E00C9E1FA /* Preview Content */,
			);
			path = JPouch;
			sourceTree = "<group>";
		};
		6C9F0D032BD5AC9E00C9E1FA /* Preview Content */ = {
			isa = PBXGroup;
			children = (
				6C9F0D042BD5AC9E00C9E1FA /* Preview Assets.xcassets */,
			);
			path = "Preview Content";
			sourceTree = "<group>";
		};
/* End PBXGroup section */

/* Begin PBXNativeTarget section */
		6C9F0CF92BD5AC9D00C9E1FA /* JPouch */ = {
			isa = PBXNativeTarget;
			buildConfigurationList = 6C9F0D0D2BD5AC9E00C9E1FA /* Build configuration list for PBXNativeTarget "JPouch" */;
			buildPhases = (
				6C9F0CF62BD5AC9D00C9E1FA /* Sources */,
				6C9F0CF72BD5AC9D00C9E1FA /* Frameworks */,
				6C9F0CF82BD5AC9D00C9E1FA /* Resources */,
			);
			buildRules = (
			);
			dependencies = (
			);
			name = JPouch;
			productName = JPouch;
			productReference = 6C9F0CFA2BD5AC9D00C9E1FA /* JPouch.app */;
			productType = "com.apple.product-type.application";
		};
/* End PBXNativeTarget section */

/* Begin PBXProject section */
		6C9F0CF22BD5AC9D00C9E1FA /* Project object */ = {
			isa = PBXProject;
			attributes = {
				BuildIndependentTargetsInParallel = 1;
				LastSwiftUpdateCheck = 1520;
				LastUpgradeCheck = 1520;
				TargetAttributes = {
					6C9F0CF92BD5AC9D00C9E1FA = {
						CreatedOnToolsVersion = 15.2;
					};
				};
			};
			buildConfigurationList = 6C9F0CF52BD5AC9D00C9E1FA /* Build configuration list for PBXProject "JPouch" */;
			compatibilityVersion = "Xcode 14.0";
			developmentRegion = en;
			hasScannedForEncodings = 0;
			knownRegions = (
				en,
				Base,
			);
			mainGroup = 6C9F0CF12BD5AC9D00C9E1FA;
			productRefGroup = 6C9F0CFB2BD5AC9D00C9E1FA /* Products */;
			projectDirPath = "";
			projectRoot = "";
			targets = (
				6C9F0CF92BD5AC9D00C9E1FA /* JPouch */,
			);
		};
/* End PBXProject section */

/* Begin PBXResourcesBuildPhase section */
		6C9F0CF82BD5AC9D00C9E1FA /* Resources */ = {
			isa = PBXResourcesBuildPhase;
			buildActionMask = 2147483647;
			files = (
				6C9F0D052BD5AC9E00C9E1FA /* Preview Assets.xcassets in Resources */,
				6C9F0D022BD5AC9E00C9E1FA /* Assets.xcassets in Resources */,
			);
			runOnlyForDeploymentPostprocessing = 0;
		};
/* End PBXResourcesBuildPhase section */

/* Begin PBXSourcesBuildPhase section */
		6C9F0CF62BD5AC9D00C9E1FA /* Sources */ = {
			isa = PBXSourcesBuildPhase;
			buildActionMask = 2147483647;
			files = (
				6C9F0D0A2BD5AC9E00C9E1FA /* JPouch.xcdatamodeld in Sources */,
				6C9F0D072BD5AC9E00C9E1FA /* Persistence.swift in Sources */,
				6C9F0D002BD5AC9D00C9E1FA /* ContentView.swift in Sources */,
				6C9F0CFE2BD5AC9D00C9E1FA /* JPouchApp.swift in Sources */,
			);
			runOnlyForDeploymentPostprocessing = 0;
		};
/* End PBXSourcesBuildPhase section */

/* Begin XCBuildConfiguration section */
		6C9F0D0B2BD5AC9E00C9E1FA /* Debug */ = {
			isa = XCBuildConfiguration;
			buildSettings = {
				ALWAYS_SEARCH_USER_PATHS = NO;
				ASSETCATALOG_COMPILER_GENERATE_SWIFT_ASSET_SYMBOL_EXTENSIONS = YES;
				CLANG_ANALYZER_NONNULL = YES;
				CLANG_ANALYZER_NUMBER_OBJECT_CONVERSION = YES_AGGRESSIVE;
				CLANG_CXX_LANGUAGE_STANDARD = "gnu++20";
				CLANG_ENABLE_MODULES = YES;
				CLANG_ENABLE_OBJC_ARC = YES;
				CLANG_ENABLE_OBJC_WEAK = YES;
				CLANG_WARN_BLOCK_CAPTURE_AUTORELEASING = YES;
				CLANG_WARN_BOOL_CONVERSION = YES;
				CLANG_WARN_COMMA = YES;
				CLANG_WARN_CONSTANT_CONVERSION = YES;
				CLANG_WARN_DEPRECATED_OBJC_IMPLEMENTATIONS = YES;
				CLANG_WARN_DIRECT_OBJC_ISA_USAGE = YES_ERROR;
				CLANG_WARN_DOCUMENTATION_COMMENTS = YES;
				CLANG_WARN_EMPTY_BODY = YES;
				CLANG_WARN_ENUM_CONVERSION = YES;
				CLANG_WARN_INFINITE_RECURSION = YES;
				CLANG_WARN_INT_CONVERSION = YES;
				CLANG_WARN_NON_LITERAL_NULL_CONVERSION = YES;
				CLANG_WARN_OBJC_IMPLICIT_RETAIN_SELF = YES;
				CLANG_WARN_OBJC_LITERAL_CONVERSION = YES;
				CLANG_WARN_OBJC_ROOT_CLASS = YES_ERROR;
				CLANG_WARN_QUOTED_INCLUDE_IN_FRAMEWORK_HEADER = YES;
				CLANG_WARN_RANGE_LOOP_ANALYSIS = YES;
				CLANG_WARN_STRICT_PROTOTYPES = YES;
				CLANG_WARN_SUSPICIOUS_MOVE = YES;
				CLANG_WARN_UNGUARDED_AVAILABILITY = YES_AGGRESSIVE;
				CLANG_WARN_UNREACHABLE_CODE = YES;
				CLANG_WARN__DUPLICATE_METHOD_MATCH = YES;
				COPY_PHASE_STRIP = NO;
				DEBUG_INFORMATION_FORMAT = dwarf;
				ENABLE_STRICT_OBJC_MSGSEND = YES;
				ENABLE_TESTABILITY = YES;
				ENABLE_USER_SCRIPT_SANDBOXING = YES;
				GCC_C_LANGUAGE_STANDARD = gnu17;
				GCC_DYNAMIC_NO_PIC = NO;
				GCC_NO_COMMON_BLOCKS = YES;
				GCC_OPTIMIZATION_LEVEL = 0;
				GCC_PREPROCESSOR_DEFINITIONS = (
					"DEBUG=1",
					"$(inherited)",
				);
				GCC_WARN_64_TO_32_BIT_CONVERSION = YES;
				GCC_WARN_ABOUT_RETURN_TYPE = YES_ERROR;
				GCC_WARN_UNDECLARED_SELECTOR = YES;
				GCC_WARN_UNINITIALIZED_AUTOS = YES_AGGRESSIVE;
				GCC_WARN_UNUSED_FUNCTION = YES;
				GCC_WARN_UNUSED_VARIABLE = YES;
				IPHONEOS_DEPLOYMENT_TARGET = 17.2;
				LOCALIZATION_PREFERS_STRING_CATALOGS = YES;
				MTL_ENABLE_DEBUG_INFO = INCLUDE_SOURCE;
				MTL_FAST_MATH = YES;
				ONLY_ACTIVE_ARCH = YES;
				SDKROOT = iphoneos;
				SWIFT_ACTIVE_COMPILATION_CONDITIONS = "DEBUG $(inherited)";
				SWIFT_OPTIMIZATION_LEVEL = "-Onone";
			};
			name = Debug;
		};
		6C9F0D0C2BD5AC9E00C9E1FA /* Release */ = {
			isa = XCBuildConfiguration;
			buildSettings = {
				ALWAYS_SEARCH_USER_PATHS = NO;
				ASSETCATALOG_COMPILER_GENERATE_SWIFT_ASSET_SYMBOL_EXTENSIONS = YES;
				CLANG_ANALYZER_NONNULL = YES;
				CLANG_ANALYZER_NUMBER_OBJECT_CONVERSION = YES_AGGRESSIVE;
				CLANG_CXX_LANGUAGE_STANDARD = "gnu++20";
				CLANG_ENABLE_MODULES = YES;
				CLANG_ENABLE_OBJC_ARC = YES;
				CLANG_ENABLE_OBJC_WEAK = YES;
				CLANG_WARN_BLOCK_CAPTURE_AUTORELEASING = YES;
				CLANG_WARN_BOOL_CONVERSION = YES;
				CLANG_WARN_COMMA = YES;
				CLANG_WARN_CONSTANT_CONVERSION = YES;
				CLANG_WARN_DEPRECATED_OBJC_IMPLEMENTATIONS = YES;
				CLANG_WARN_DIRECT_OBJC_ISA_USAGE = YES_ERROR;
				CLANG_WARN_DOCUMENTATION_COMMENTS = YES;
				CLANG_WARN_EMPTY_BODY = YES;
				CLANG_WARN_ENUM_CONVERSION = YES;
				CLANG_WARN_INFINITE_RECURSION = YES;
				CLANG_WARN_INT_CONVERSION = YES;
				CLANG_WARN_NON_LITERAL_NULL_CONVERSION = YES;
				CLANG_WARN_OBJC_IMPLICIT_RETAIN_SELF = YES;
				CLANG_WARN_OBJC_LITERAL_CONVERSION = YES;
				CLANG_WARN_OBJC_ROOT_CLASS = YES_ERROR;
				CLANG_WARN_QUOTED_INCLUDE_IN_FRAMEWORK_HEADER = YES;
				CLANG_WARN_RANGE_LOOP_ANALYSIS = YES;
				CLANG_WARN_STRICT_PROTOTYPES = YES;
				CLANG_WARN_SUSPICIOUS_MOVE = YES;
				CLANG_WARN_UNGUARDED_AVAILABILITY = YES_AGGRESSIVE;
				CLANG_WARN_UNREACHABLE_CODE = YES;
				CLANG_WARN__DUPLICATE_METHOD_MATCH = YES;
				COPY_PHASE_STRIP = NO;
				DEBUG_INFORMATION_FORMAT = "dwarf-with-dsym";
				ENABLE_NS_ASSERTIONS = NO;
				ENABLE_STRICT_OBJC_MSGSEND = YES;
				ENABLE_USER_SCRIPT_SANDBOXING = YES;
				GCC_C_LANGUAGE_STANDARD = gnu17;
				GCC_NO_COMMON_BLOCKS = YES;
				GCC_WARN_64_TO_32_BIT_CONVERSION = YES;
				GCC_WARN_ABOUT_RETURN_TYPE = YES_ERROR;
				GCC_WARN_UNDECLARED_SELECTOR = YES;
				GCC_WARN_UNINITIALIZED_AUTOS = YES_AGGRESSIVE;
				GCC_WARN_UNUSED_FUNCTION = YES;
				GCC_WARN_UNUSED_VARIABLE = YES;
				IPHONEOS_DEPLOYMENT_TARGET = 17.2;
				LOCALIZATION_PREFERS_STRING_CATALOGS = YES;
				MTL_ENABLE_DEBUG_INFO = NO;
				MTL_FAST_MATH = YES;
				SDKROOT = iphoneos;
				SWIFT_COMPILATION_MODE = wholemodule;
				VALIDATE_PRODUCT = YES;
			};
			name = Release;
		};
		6C9F0D0E2BD5AC9E00C9E1FA /* Debug */ = {
			isa = XCBuildConfiguration;
			buildSettings = {
				ASSETCATALOG_COMPILER_APPICON_NAME = AppIcon;
				ASSETCATALOG_COMPILER_GLOBAL_ACCENT_COLOR_NAME = AccentColor;
				CODE_SIGN_STYLE = Automatic;
				CURRENT_PROJECT_VERSION = 1;
				DEVELOPMENT_ASSET_PATHS = "\"JPouch/Preview Content\"";
				DEVELOPMENT_TEAM = 6V5M28QM8J;
				ENABLE_PREVIEWS = YES;
				GENERATE_INFOPLIST_FILE = YES;
				INFOPLIST_KEY_UIApplicationSceneManifest_Generation = YES;
				INFOPLIST_KEY_UIApplicationSupportsIndirectInputEvents = YES;
				INFOPLIST_KEY_UILaunchScreen_Generation = YES;
				INFOPLIST_KEY_UISupportedInterfaceOrientations_iPad = "UIInterfaceOrientationPortrait UIInterfaceOrientationPortraitUpsideDown UIInterfaceOrientationLandscapeLeft UIInterfaceOrientationLandscapeRight";
				INFOPLIST_KEY_UISupportedInterfaceOrientations_iPhone = "UIInterfaceOrientationPortrait UIInterfaceOrientationLandscapeLeft UIInterfaceOrientationLandscapeRight";
				LD_RUNPATH_SEARCH_PATHS = (
					"$(inherited)",
					"@executable_path/Frameworks",
				);
				MARKETING_VERSION = 1.0;
				PRODUCT_BUNDLE_IDENTIFIER = com.rileygoldman.JPouch;
				PRODUCT_NAME = "$(TARGET_NAME)";
				SWIFT_EMIT_LOC_STRINGS = YES;
				SWIFT_VERSION = 5.0;
				TARGETED_DEVICE_FAMILY = "1,2";
			};
			name = Debug;
		};
		6C9F0D0F2BD5AC9E00C9E1FA /* Release */ = {
			isa = XCBuildConfiguration;
			buildSettings = {
				ASSETCATALOG_COMPILER_APPICON_NAME = AppIcon;
				ASSETCATALOG_COMPILER_GLOBAL_ACCENT_COLOR_NAME = AccentColor;
				CODE_SIGN_STYLE = Automatic;
				CURRENT_PROJECT_VERSION = 1;
				DEVELOPMENT_ASSET_PATHS = "\"JPouch/Preview Content\"";
				DEVELOPMENT_TEAM = 6V5M28QM8J;
				ENABLE_PREVIEWS = YES;
				GENERATE_INFOPLIST_FILE = YES;
				INFOPLIST_KEY_UIApplicationSceneManifest_Generation = YES;
				INFOPLIST_KEY_UIApplicationSupportsIndirectInputEvents = YES;
				INFOPLIST_KEY_UILaunchScreen_Generation = YES;
				INFOPLIST_KEY_UISupportedInterfaceOrientations_iPad = "UIInterfaceOrientationPortrait UIInterfaceOrientationPortraitUpsideDown UIInterfaceOrientationLandscapeLeft UIInterfaceOrientationLandscapeRight";
				INFOPLIST_KEY_UISupportedInterfaceOrientations_iPhone = "UIInterfaceOrientationPortrait UIInterfaceOrientationLandscapeLeft UIInterfaceOrientationLandscapeRight";
				LD_RUNPATH_SEARCH_PATHS = (
					"$(inherited)",
					"@executable_path/Frameworks",
				);
				MARKETING_VERSION = 1.0;
				PRODUCT_BUNDLE_IDENTIFIER = com.rileygoldman.JPouch;
				PRODUCT_NAME = "$(TARGET_NAME)";
				SWIFT_EMIT_LOC_STRINGS = YES;
				SWIFT_VERSION = 5.0;
				TARGETED_DEVICE_FAMILY = "1,2";
			};
			name = Release;
		};
/* End XCBuildConfiguration section */

/* Begin XCConfigurationList section */
		6C9F0CF52BD5AC9D00C9E1FA /* Build configuration list for PBXProject "JPouch" */ = {
			isa = XCConfigurationList;
			buildConfigurations = (
				6C9F0D0B2BD5AC9E00C9E1FA /* Debug */,
				6C9F0D0C2BD5AC9E00C9E1FA /* Release */,
			);
			defaultConfigurationIsVisible = 0;
			defaultConfigurationName = Release;
		};
		6C9F0D0D2BD5AC9E00C9E1FA /* Build configuration list for PBXNativeTarget "JPouch" */ = {
			isa = XCConfigurationList;
			buildConfigurations = (
				6C9F0D0E2BD5AC9E00C9E1FA /* Debug */,
				6C9F0D0F2BD5AC9E00C9E1FA /* Release */,
			);
			defaultConfigurationIsVisible = 0;
			defaultConfigurationName = Release;
		};
/* End XCConfigurationList section */

/* Begin XCVersionGroup section */
		6C9F0D082BD5AC9E00C9E1FA /* JPouch.xcdatamodeld */ = {
			isa = XCVersionGroup;
			children = (
				6C9F0D092BD5AC9E00C9E1FA /* JPouch.xcdatamodel */,
			);
			currentVersion = 6C9F0D092BD5AC9E00C9E1FA /* JPouch.xcdatamodel */;
			path = JPouch.xcdatamodeld;
			sourceTree = "<group>";
			versionGroupType = wrapper.xcdatamodel;
		};
/* End XCVersionGroup section */
	};
	rootObject = 6C9F0CF22BD5AC9D00C9E1FA /* Project object */;
}
